
Microsoft Visual Studio Solution File, Format Version 12.00
# Visual Studio Version 17
VisualStudioVersion = 17.0.31903.59
MinimumVisualStudioVersion = 10.0.40219.1
Project("{2150E333-8FDC-42A3-9474-1A3956D46DE8}") = "src", "src", "{9F3C7954-15AD-4B91-B96F-136D7DC54C33}"
EndProject
Project("{FAE04EC0-301F-11D3-BF4B-00C04F79EFBC}") = "IFWEMS.Domain", "src\IFWEMS.Domain\IFWEMS.Domain.csproj", "{1ABEC236-E837-46A6-A215-D4303AFE5757}"
EndProject
Project("{FAE04EC0-301F-11D3-BF4B-00C04F79EFBC}") = "IFWEMS.Application", "src\IFWEMS.Application\IFWEMS.Application.csproj", "{7BE88D3E-84ED-468E-AC8B-2C1A48A9D7CC}"
EndProject
Project("{FAE04EC0-301F-11D3-BF4B-00C04F79EFBC}") = "IFWEMS.Infrastructure", "src\IFWEMS.Infrastructure\IFWEMS.Infrastructure.csproj", "{29EEC5CA-1A89-453F-8AC3-977E9E94FE22}"
EndProject
Project("{FAE04EC0-301F-11D3-BF4B-00C04F79EFBC}") = "IFWEMS.Api", "src\IFWEMS.Api\IFWEMS.Api.csproj", "{BC633522-290C-4625-975B-AFEA95E6502B}"
EndProject
Project("{2150E333-8FDC-42A3-9474-1A3956D46DE8}") = "tests", "tests", "{DBCE85FA-E612-4A5D-AC6F-8D241F52EB3E}"
EndProject
Project("{FAE04EC0-301F-11D3-BF4B-00C04F79EFBC}") = "IFWEMS.Domain.Tests", "tests\IFWEMS.Domain.Tests\IFWEMS.Domain.Tests.csproj", "{2C966D81-89BA-44C2-9DAF-47A372733790}"
EndProject
Project("{FAE04EC0-301F-11D3-BF4B-00C04F79EFBC}") = "IFWEMS.Application.Tests", "tests\IFWEMS.Application.Tests\IFWEMS.Application.Tests.csproj", "{6AB8FEED-300B-453F-B8A9-D2A6C6C880DF}"
EndProject
Project("{FAE04EC0-301F-11D3-BF4B-00C04F79EFBC}") = "IFWEMS.Api.Tests", "tests\IFWEMS.Api.Tests\IFWEMS.Api.Tests.csproj", "{2A472E9E-57CF-4411-A7F1-3F2E5EC95001}"
EndProject
Global
	GlobalSection(SolutionConfigurationPlatforms) = preSolution
		Debug|Any CPU = Debug|Any CPU
		Release|Any CPU = Release|Any CPU
	EndGlobalSection
	GlobalSection(SolutionProperties) = preSolution
		HideSolutionNode = FALSE
	EndGlobalSection
	GlobalSection(ProjectConfigurationPlatforms) = postSolution
		{1ABEC236-E837-46A6-A215-D4303AFE5757}.Debug|Any CPU.ActiveCfg = Debug|Any CPU
		{1ABEC236-E837-46A6-A215-D4303AFE5757}.Debug|Any CPU.Build.0 = Debug|Any CPU
		{1ABEC236-E837-46A6-A215-D4303AFE5757}.Release|Any CPU.ActiveCfg = Release|Any CPU
		{1ABEC236-E837-46A6-A215-D4303AFE5757}.Release|Any CPU.Build.0 = Release|Any CPU
		{7BE88D3E-84ED-468E-AC8B-2C1A48A9D7CC}.Debug|Any CPU.ActiveCfg = Debug|Any CPU
		{7BE88D3E-84ED-468E-AC8B-2C1A48A9D7CC}.Debug|Any CPU.Build.0 = Debug|Any CPU
		{7BE88D3E-84ED-468E-AC8B-2C1A48A9D7CC}.Release|Any CPU.ActiveCfg = Release|Any CPU
		{7BE88D3E-84ED-468E-AC8B-2C1A48A9D7CC}.Release|Any CPU.Build.0 = Release|Any CPU
		{29EEC5CA-1A89-453F-8AC3-977E9E94FE22}.Debug|Any CPU.ActiveCfg = Debug|Any CPU
		{29EEC5CA-1A89-453F-8AC3-977E9E94FE22}.Debug|Any CPU.Build.0 = Debug|Any CPU
		{29EEC5CA-1A89-453F-8AC3-977E9E94FE22}.Release|Any CPU.ActiveCfg = Release|Any CPU
		{29EEC5CA-1A89-453F-8AC3-977E9E94FE22}.Release|Any CPU.Build.0 = Release|Any CPU
		{BC633522-290C-4625-975B-AFEA95E6502B}.Debug|Any CPU.ActiveCfg = Debug|Any CPU
		{BC633522-290C-4625-975B-AFEA95E6502B}.Debug|Any CPU.Build.0 = Debug|Any CPU
		{BC633522-290C-4625-975B-AFEA95E6502B}.Release|Any CPU.ActiveCfg = Release|Any CPU
		{BC633522-290C-4625-975B-AFEA95E6502B}.Release|Any CPU.Build.0 = Release|Any CPU
		{2C966D81-89BA-44C2-9DAF-47A372733790}.Debug|Any CPU.ActiveCfg = Debug|Any CPU
		{2C966D81-89BA-44C2-9DAF-47A372733790}.Debug|Any CPU.Build.0 = Debug|Any CPU
		{2C966D81-89BA-44C2-9DAF-47A372733790}.Release|Any CPU.ActiveCfg = Release|Any CPU
		{2C966D81-89BA-44C2-9DAF-47A372733790}.Release|Any CPU.Build.0 = Release|Any CPU
		{6AB8FEED-300B-453F-B8A9-D2A6C6C880DF}.Debug|Any CPU.ActiveCfg = Debug|Any CPU
		{6AB8FEED-300B-453F-B8A9-D2A6C6C880DF}.Debug|Any CPU.Build.0 = Debug|Any CPU
		{6AB8FEED-300B-453F-B8A9-D2A6C6C880DF}.Release|Any CPU.ActiveCfg = Release|Any CPU
		{6AB8FEED-300B-453F-B8A9-D2A6C6C880DF}.Release|Any CPU.Build.0 = Release|Any CPU
		{2A472E9E-57CF-4411-A7F1-3F2E5EC95001}.Debug|Any CPU.ActiveCfg = Debug|Any CPU
		{2A472E9E-57CF-4411-A7F1-3F2E5EC95001}.Debug|Any CPU.Build.0 = Debug|Any CPU
		{2A472E9E-57CF-4411-A7F1-3F2E5EC95001}.Release|Any CPU.ActiveCfg = Release|Any CPU
		{2A472E9E-57CF-4411-A7F1-3F2E5EC95001}.Release|Any CPU.Build.0 = Release|Any CPU
	EndGlobalSection
	GlobalSection(NestedProjects) = preSolution
		{1ABEC236-E837-46A6-A215-D4303AFE5757} = {9F3C7954-15AD-4B91-B96F-136D7DC54C33}
		{7BE88D3E-84ED-468E-AC8B-2C1A48A9D7CC} = {9F3C7954-15AD-4B91-B96F-136D7DC54C33}
		{29EEC5CA-1A89-453F-8AC3-977E9E94FE22} = {9F3C7954-15AD-4B91-B96F-136D7DC54C33}
		{BC633522-290C-4625-975B-AFEA95E6502B} = {9F3C7954-15AD-4B91-B96F-136D7DC54C33}
		{2C966D81-89BA-44C2-9DAF-47A372733790} = {DBCE85FA-E612-4A5D-AC6F-8D241F52EB3E}
		{6AB8FEED-300B-453F-B8A9-D2A6C6C880DF} = {DBCE85FA-E612-4A5D-AC6F-8D241F52EB3E}
		{2A472E9E-57CF-4411-A7F1-3F2E5EC95001} = {DBCE85FA-E612-4A5D-AC6F-8D241F52EB3E}
	EndGlobalSection
EndGlobal
